
Microsoft Visual Studio Solution File, Format Version 12.00
# Visual Studio Version 17
VisualStudioVersion = 17.11.35222.181
MinimumVisualStudioVersion = 10.0.40219.1
Project("{FAE04EC0-301F-11D3-BF4B-00C04F79EFBC}") = "Autoservice NET Framework", "Autoservice NET Framework\Autoservice NET Framework.csproj", "{A0304FB8-2B5D-422C-AB30-CFF4652604B9}"
EndProject
Global
	GlobalSection(SolutionConfigurationPlatforms) = preSolution
		Debug|Any CPU = Debug|Any CPU
		Release|Any CPU = Release|Any CPU
	EndGlobalSection
	GlobalSection(ProjectConfigurationPlatforms) = postSolution
		{A0304FB8-2B5D-422C-AB30-CFF4652604B9}.Debug|Any CPU.ActiveCfg = Debug|Any CPU
		{A0304FB8-2B5D-422C-AB30-CFF4652604B9}.Debug|Any CPU.Build.0 = Debug|Any CPU
		{A0304FB8-2B5D-422C-AB30-CFF4652604B9}.Release|Any CPU.ActiveCfg = Release|Any CPU
		{A0304FB8-2B5D-422C-AB30-CFF4652604B9}.Release|Any CPU.Build.0 = Release|Any CPU
	EndGlobalSection
	GlobalSection(SolutionProperties) = preSolution
		HideSolutionNode = FALSE
	EndGlobalSection
	GlobalSection(ExtensibilityGlobals) = postSolution
		SolutionGuid = {69B97D4D-25A5-498A-AE97-7ED22E990479}
	EndGlobalSection
EndGlobal
